
Microsoft Visual Studio Solution File, Format Version 12.00
# Visual Studio Version 16
VisualStudioVersion = 16.0.31205.134
MinimumVisualStudioVersion = 10.0.40219.1
Project("{FAE04EC0-301F-11D3-BF4B-00C04F79EFBC}") = "VintagePong", "VintagePong\VintagePong.csproj", "{70E13C4B-1B96-4BDF-8C3A-9B270647E5D5}"
EndProject
Global
	GlobalSection(SolutionConfigurationPlatforms) = preSolution
		Debug|Any CPU = Debug|Any CPU
		Release|Any CPU = Release|Any CPU
	EndGlobalSection
	GlobalSection(ProjectConfigurationPlatforms) = postSolution
		{70E13C4B-1B96-4BDF-8C3A-9B270647E5D5}.Debug|Any CPU.ActiveCfg = Debug|Any CPU
		{70E13C4B-1B96-4BDF-8C3A-9B270647E5D5}.Debug|Any CPU.Build.0 = Debug|Any CPU
		{70E13C4B-1B96-4BDF-8C3A-9B270647E5D5}.Release|Any CPU.ActiveCfg = Release|Any CPU
		{70E13C4B-1B96-4BDF-8C3A-9B270647E5D5}.Release|Any CPU.Build.0 = Release|Any CPU
	EndGlobalSection
	GlobalSection(SolutionProperties) = preSolution
		HideSolutionNode = FALSE
	EndGlobalSection
	GlobalSection(ExtensibilityGlobals) = postSolution
		SolutionGuid = {496C2888-5DD7-495A-BDAA-7DFC5AD84327}
	EndGlobalSection
EndGlobal
